{
  "name": "frida-java-bridge",
  "version": "3.7.0",
  "lockfileVersion": 1,
  "requires": true,
  "dependencies": {
    "jssha": {
      "version": "2.4.2",
      "resolved": "https://registry.npmjs.org/jssha/-/jssha-2.4.2.tgz",
      "integrity": "sha512-/jsi/9C0S70zfkT/4UlKQa5E1xKurDnXcQizcww9JSR/Fv+uIbWM2btG+bFcL3iNoK9jIGS0ls9HWLr1iw0kFg=="
    }
  }
}
